
Microsoft Visual Studio Solution File, Format Version 12.00
# Visual Studio Version 17
VisualStudioVersion = 17.2.32526.322
MinimumVisualStudioVersion = 10.0.40219.1
Project("{9A19103F-16F7-4668-BE54-9A1E7A4F7556}") = "CIE.XMLSign", "CIE.XMLSign.csproj", "{26791E67-0BE9-4FB5-837E-9EC9819D547F}"
EndProject
Global
	GlobalSection(SolutionConfigurationPlatforms) = preSolution
		Debug|Any CPU = Debug|Any CPU
		Release|Any CPU = Release|Any CPU
	EndGlobalSection
	GlobalSection(ProjectConfigurationPlatforms) = postSolution
		{26791E67-0BE9-4FB5-837E-9EC9819D547F}.Debug|Any CPU.ActiveCfg = Debug|Any CPU
		{26791E67-0BE9-4FB5-837E-9EC9819D547F}.Debug|Any CPU.Build.0 = Debug|Any CPU
		{26791E67-0BE9-4FB5-837E-9EC9819D547F}.Release|Any CPU.ActiveCfg = Release|Any CPU
		{26791E67-0BE9-4FB5-837E-9EC9819D547F}.Release|Any CPU.Build.0 = Release|Any CPU
	EndGlobalSection
	GlobalSection(SolutionProperties) = preSolution
		HideSolutionNode = FALSE
	EndGlobalSection
	GlobalSection(ExtensibilityGlobals) = postSolution
		SolutionGuid = {933D56BE-D1E7-405F-9EE2-785724200A10}
	EndGlobalSection
EndGlobal
